{
    "version": "0.5",
    "requires": [
        "zlib/1.3.1#cac0f6daea041b0ccf42934163defb20%1765284699.337",
        "nlohmann_json/3.12.0#2d634ab0ec8d9f56353e5ccef6d6612c%1744735883.94",
        "libbacktrace/cci.20210118#a7691bfccd8caaf66309df196790a5a1%1722218217.276",
        "catch2/3.12.0#0477ac73ea43866eb7168f6030b6b591%1767110219.015",
        "bzip2/1.0.8#c470882369c2d95c5c77e970c0c7e321%1762886692.465",
        "boost/1.90.0#d5e8defe7355494953be18524a7f135b%1765955095.179"
    ],
    "build_requires": [
        "cmake/4.2.1#951586eff155256a7b5298631d6b1416%1765387599.255",
        "b2/5.3.3#107c15377719889654eb9a162a673975%1750340310.079"
    ],
    "python_requires": [],
    "config_requires": []
}
